lockfileVersion: '6.0'

settings:
  autoInstallPeers: true
  excludeLinksFromLockfile: false

dependencies:
  '@casl/ability':
    specifier: ^6.7.2
    version: 6.7.2
  '@casl/prisma':
    specifier: ^1.5.0
    version: 1.5.0(@casl/ability@6.7.2)(@prisma/client@5.22.0)
  graphql:
    specifier: ^16.9.0
    version: 16.9.0
  graphql-tag:
    specifier: ^2.12.6
    version: 2.12.6(graphql@16.9.0)

devDependencies:
  '@types/node':
    specifier: ^22.10.2
    version: 22.10.2
  postgraphile:
    specifier: ^4.13.0
    version: 4.13.0
  tsx:
    specifier: ^4.19.2
    version: 4.19.2
  typescript:
    specifier: ^5.7.2
    version: 5.7.2

packages:

  /@casl/ability@6.7.2:
    resolution: {integrity: sha512-KjKXlcjKbUz8dKw7PY56F7qlfOFgxTU6tnlJ8YrbDyWkJMIlHa6VRWzCD8RU20zbJUC1hExhOFggZjm6tf1mUw==}
    dependencies:
      '@ucast/mongo2js': 1.3.4
    dev: false

  /@casl/prisma@1.5.0(@casl/ability@6.7.2)(@prisma/client@5.22.0):
    resolution: {integrity: sha512-X2MGg457baTL8WNL9iMm3BWGSZG0KfyO1AHOjPQHpPxF21oDk9sWGIuUYBlTQfwZ72M7d3tj3XMzJfgIjBBN6Q==}
    peerDependencies:
      '@casl/ability': ^5.3.0 || ^6.0.0
      '@prisma/client': ^2.14.0 || ^3.0.0 || ^4.0.0 || ^5.0.0
    dependencies:
      '@casl/ability': 6.7.2
      '@prisma/client': 5.22.0
      '@ucast/core': 1.10.2
      '@ucast/js': 3.0.4
    dev: false

  /@esbuild/aix-ppc64@0.23.1:
    resolution: {integrity: sha512-6VhYk1diRqrhBAqpJEdjASR/+WVRtfjpqKuNw11cLiaWpAT/Uu+nokB+UJnevzy/P9C/ty6AOe0dwueMrGh/iQ==}
    engines: {node: '>=18'}
    cpu: [ppc64]
    os: [aix]
    requiresBuild: true
    dev: true
    optional: true

  /@esbuild/android-arm64@0.23.1:
    resolution: {integrity: sha512-xw50ipykXcLstLeWH7WRdQuysJqejuAGPd30vd1i5zSyKK3WE+ijzHmLKxdiCMtH1pHz78rOg0BKSYOSB/2Khw==}
    engines: {node: '>=18'}
    cpu: [arm64]
    os: [android]
    requiresBuild: true
    dev: true
    optional: true

  /@esbuild/android-arm@0.23.1:
    resolution: {integrity: sha512-uz6/tEy2IFm9RYOyvKl88zdzZfwEfKZmnX9Cj1BHjeSGNuGLuMD1kR8y5bteYmwqKm1tj8m4cb/aKEorr6fHWQ==}
    engines: {node: '>=18'}
    cpu: [arm]
    os: [android]
    requiresBuild: true
    dev: true
    optional: true

  /@esbuild/android-x64@0.23.1:
    resolution: {integrity: sha512-nlN9B69St9BwUoB+jkyU090bru8L0NA3yFvAd7k8dNsVH8bi9a8cUAUSEcEEgTp2z3dbEDGJGfP6VUnkQnlReg==}
    engines: {node: '>=18'}
    cpu: [x64]
    os: [android]
    requiresBuild: true
    dev: true
    optional: true

  /@esbuild/darwin-arm64@0.23.1:
    resolution: {integrity: sha512-YsS2e3Wtgnw7Wq53XXBLcV6JhRsEq8hkfg91ESVadIrzr9wO6jJDMZnCQbHm1Guc5t/CdDiFSSfWP58FNuvT3Q==}
    engines: {node: '>=18'}
    cpu: [arm64]
    os: [darwin]
    requiresBuild: true
    dev: true
    optional: true

  /@esbuild/darwin-x64@0.23.1:
    resolution: {integrity: sha512-aClqdgTDVPSEGgoCS8QDG37Gu8yc9lTHNAQlsztQ6ENetKEO//b8y31MMu2ZaPbn4kVsIABzVLXYLhCGekGDqw==}
    engines: {node: '>=18'}
    cpu: [x64]
    os: [darwin]
    requiresBuild: true
    dev: true
    optional: true

  /@esbuild/freebsd-arm64@0.23.1:
    resolution: {integrity: sha512-h1k6yS8/pN/NHlMl5+v4XPfikhJulk4G+tKGFIOwURBSFzE8bixw1ebjluLOjfwtLqY0kewfjLSrO6tN2MgIhA==}
    engines: {node: '>=18'}
    cpu: [arm64]
    os: [freebsd]
    requiresBuild: true
    dev: true
    optional: true

  /@esbuild/freebsd-x64@0.23.1:
    resolution: {integrity: sha512-lK1eJeyk1ZX8UklqFd/3A60UuZ/6UVfGT2LuGo3Wp4/z7eRTRYY+0xOu2kpClP+vMTi9wKOfXi2vjUpO1Ro76g==}
    engines: {node: '>=18'}
    cpu: [x64]
    os: [freebsd]
    requiresBuild: true
    dev: true
    optional: true

  /@esbuild/linux-arm64@0.23.1:
    resolution: {integrity: sha512-/93bf2yxencYDnItMYV/v116zff6UyTjo4EtEQjUBeGiVpMmffDNUyD9UN2zV+V3LRV3/on4xdZ26NKzn6754g==}
    engines: {node: '>=18'}
    cpu: [arm64]
    os: [linux]
    requiresBuild: true
    dev: true
    optional: true

  /@esbuild/linux-arm@0.23.1:
    resolution: {integrity: sha512-CXXkzgn+dXAPs3WBwE+Kvnrf4WECwBdfjfeYHpMeVxWE0EceB6vhWGShs6wi0IYEqMSIzdOF1XjQ/Mkm5d7ZdQ==}
    engines: {node: '>=18'}
    cpu: [arm]
    os: [linux]
    requiresBuild: true
    dev: true
    optional: true

  /@esbuild/linux-ia32@0.23.1:
    resolution: {integrity: sha512-VTN4EuOHwXEkXzX5nTvVY4s7E/Krz7COC8xkftbbKRYAl96vPiUssGkeMELQMOnLOJ8k3BY1+ZY52tttZnHcXQ==}
    engines: {node: '>=18'}
    cpu: [ia32]
    os: [linux]
    requiresBuild: true
    dev: true
    optional: true

  /@esbuild/linux-loong64@0.23.1:
    resolution: {integrity: sha512-Vx09LzEoBa5zDnieH8LSMRToj7ir/Jeq0Gu6qJ/1GcBq9GkfoEAoXvLiW1U9J1qE/Y/Oyaq33w5p2ZWrNNHNEw==}
    engines: {node: '>=18'}
    cpu: [loong64]
    os: [linux]
    requiresBuild: true
    dev: true
    optional: true

  /@esbuild/linux-mips64el@0.23.1:
    resolution: {integrity: sha512-nrFzzMQ7W4WRLNUOU5dlWAqa6yVeI0P78WKGUo7lg2HShq/yx+UYkeNSE0SSfSure0SqgnsxPvmAUu/vu0E+3Q==}
    engines: {node: '>=18'}
    cpu: [mips64el]
    os: [linux]
    requiresBuild: true
    dev: true
    optional: true

  /@esbuild/linux-ppc64@0.23.1:
    resolution: {integrity: sha512-dKN8fgVqd0vUIjxuJI6P/9SSSe/mB9rvA98CSH2sJnlZ/OCZWO1DJvxj8jvKTfYUdGfcq2dDxoKaC6bHuTlgcw==}
    engines: {node: '>=18'}
    cpu: [ppc64]
    os: [linux]
    requiresBuild: true
    dev: true
    optional: true

  /@esbuild/linux-riscv64@0.23.1:
    resolution: {integrity: sha512-5AV4Pzp80fhHL83JM6LoA6pTQVWgB1HovMBsLQ9OZWLDqVY8MVobBXNSmAJi//Csh6tcY7e7Lny2Hg1tElMjIA==}
    engines: {node: '>=18'}
    cpu: [riscv64]
    os: [linux]
    requiresBuild: true
    dev: true
    optional: true

  /@esbuild/linux-s390x@0.23.1:
    resolution: {integrity: sha512-9ygs73tuFCe6f6m/Tb+9LtYxWR4c9yg7zjt2cYkjDbDpV/xVn+68cQxMXCjUpYwEkze2RcU/rMnfIXNRFmSoDw==}
    engines: {node: '>=18'}
    cpu: [s390x]
    os: [linux]
    requiresBuild: true
    dev: true
    optional: true

  /@esbuild/linux-x64@0.23.1:
    resolution: {integrity: sha512-EV6+ovTsEXCPAp58g2dD68LxoP/wK5pRvgy0J/HxPGB009omFPv3Yet0HiaqvrIrgPTBuC6wCH1LTOY91EO5hQ==}
    engines: {node: '>=18'}
    cpu: [x64]
    os: [linux]
    requiresBuild: true
    dev: true
    optional: true

  /@esbuild/netbsd-x64@0.23.1:
    resolution: {integrity: sha512-aevEkCNu7KlPRpYLjwmdcuNz6bDFiE7Z8XC4CPqExjTvrHugh28QzUXVOZtiYghciKUacNktqxdpymplil1beA==}
    engines: {node: '>=18'}
    cpu: [x64]
    os: [netbsd]
    requiresBuild: true
    dev: true
    optional: true

  /@esbuild/openbsd-arm64@0.23.1:
    resolution: {integrity: sha512-3x37szhLexNA4bXhLrCC/LImN/YtWis6WXr1VESlfVtVeoFJBRINPJ3f0a/6LV8zpikqoUg4hyXw0sFBt5Cr+Q==}
    engines: {node: '>=18'}
    cpu: [arm64]
    os: [openbsd]
    requiresBuild: true
    dev: true
    optional: true

  /@esbuild/openbsd-x64@0.23.1:
    resolution: {integrity: sha512-aY2gMmKmPhxfU+0EdnN+XNtGbjfQgwZj43k8G3fyrDM/UdZww6xrWxmDkuz2eCZchqVeABjV5BpildOrUbBTqA==}
    engines: {node: '>=18'}
    cpu: [x64]
    os: [openbsd]
    requiresBuild: true
    dev: true
    optional: true

  /@esbuild/sunos-x64@0.23.1:
    resolution: {integrity: sha512-RBRT2gqEl0IKQABT4XTj78tpk9v7ehp+mazn2HbUeZl1YMdaGAQqhapjGTCe7uw7y0frDi4gS0uHzhvpFuI1sA==}
    engines: {node: '>=18'}
    cpu: [x64]
    os: [sunos]
    requiresBuild: true
    dev: true
    optional: true

  /@esbuild/win32-arm64@0.23.1:
    resolution: {integrity: sha512-4O+gPR5rEBe2FpKOVyiJ7wNDPA8nGzDuJ6gN4okSA1gEOYZ67N8JPk58tkWtdtPeLz7lBnY6I5L3jdsr3S+A6A==}
    engines: {node: '>=18'}
    cpu: [arm64]
    os: [win32]
    requiresBuild: true
    dev: true
    optional: true

  /@esbuild/win32-ia32@0.23.1:
    resolution: {integrity: sha512-BcaL0Vn6QwCwre3Y717nVHZbAa4UBEigzFm6VdsVdT/MbZ38xoj1X9HPkZhbmaBGUD1W8vxAfffbDe8bA6AKnQ==}
    engines: {node: '>=18'}
    cpu: [ia32]
    os: [win32]
    requiresBuild: true
    dev: true
    optional: true

  /@esbuild/win32-x64@0.23.1:
    resolution: {integrity: sha512-BHpFFeslkWrXWyUPnbKm+xYYVYruCinGcftSBaa8zoF9hZO4BcSCFUvHVTtzpIY6YzUnYtuEhZ+C9iEXjxnasg==}
    engines: {node: '>=18'}
    cpu: [x64]
    os: [win32]
    requiresBuild: true
    dev: true
    optional: true

  /@graphile/lru@4.11.0:
    resolution: {integrity: sha512-Fakuk190EAKxWSa9YQyr/87g8mvAv8HBvk6yPCPuIoA3bYXF7n6kl0XSqKjSd5VfjEqhtnzQ6zJGzDf1Gv/tJg==}
    engines: {node: '>=8.6'}
    dependencies:
      tslib: 2.8.1
    dev: true

  /@prisma/client@5.22.0:
    resolution: {integrity: sha512-M0SVXfyHnQREBKxCgyo7sffrKttwE6R8PMq330MIUF0pTwjUhLbW84pFDlf06B27XyCR++VtjugEnIHdr07SVA==}
    engines: {node: '>=16.13'}
    requiresBuild: true
    peerDependencies:
      prisma: '*'
    peerDependenciesMeta:
      prisma:
        optional: true
    dev: false

  /@types/json5@0.0.30:
    resolution: {integrity: sha512-sqm9g7mHlPY/43fcSNrCYfOeX9zkTTK+euO5E6+CVijSMm5tTjkVdwdqRkY3ljjIAf8679vps5jKUoJBCLsMDA==}
    dev: true

  /@types/jsonwebtoken@9.0.7:
    resolution: {integrity: sha512-ugo316mmTYBl2g81zDFnZ7cfxlut3o+/EQdaP7J8QN2kY6lJ22hmQYCK5EHcJHbrW+dkCGSCPgbG8JtYj6qSrg==}
    dependencies:
      '@types/node': 22.10.2
    dev: true

  /@types/node@22.10.2:
    resolution: {integrity: sha512-Xxr6BBRCAOQixvonOye19wnzyDiUtTeqldOOmj3CkeblonbccA12PFwlufvRdrpjXxqnmUaeiU5EOA+7s5diUQ==}
    dependencies:
      undici-types: 6.20.0
    dev: true

  /@types/pg@8.11.10:
    resolution: {integrity: sha512-LczQUW4dbOQzsH2RQ5qoeJ6qJPdrcM/DcMLoqWQkMLMsq83J5lAX3LXjdkWdpscFy67JSOWDnh7Ny/sPFykmkg==}
    dependencies:
      '@types/node': 22.10.2
      pg-protocol: 1.7.0
      pg-types: 4.0.2
    dev: true

  /@types/ws@7.4.7:
    resolution: {integrity: sha512-JQbbmxZTZehdc2iszGKs5oC3NFnjeay7mtAWrdt7qNtAVK0g19muApzAy4bm9byz79xa2ZnO/BOBC2R8RC5Lww==}
    dependencies:
      '@types/node': 22.10.2
    dev: true

  /@ucast/core@1.10.2:
    resolution: {integrity: sha512-ons5CwXZ/51wrUPfoduC+cO7AS1/wRb0ybpQJ9RrssossDxVy4t49QxWoWgfBDvVKsz9VXzBk9z0wqTdZ+Cq8g==}
    dev: false

  /@ucast/js@3.0.4:
    resolution: {integrity: sha512-TgG1aIaCMdcaEyckOZKQozn1hazE0w90SVdlpIJ/er8xVumE11gYAtSbw/LBeUnA4fFnFWTcw3t6reqseeH/4Q==}
    dependencies:
      '@ucast/core': 1.10.2
    dev: false

  /@ucast/mongo2js@1.3.4:
    resolution: {integrity: sha512-ahazOr1HtelA5AC1KZ9x0UwPMqqimvfmtSm/PRRSeKKeE5G2SCqTgwiNzO7i9jS8zA3dzXpKVPpXMkcYLnyItA==}
    dependencies:
      '@ucast/core': 1.10.2
      '@ucast/js': 3.0.4
      '@ucast/mongo': 2.4.3
    dev: false

  /@ucast/mongo@2.4.3:
    resolution: {integrity: sha512-XcI8LclrHWP83H+7H2anGCEeDq0n+12FU2mXCTz6/Tva9/9ddK/iacvvhCyW6cijAAOILmt0tWplRyRhVyZLsA==}
    dependencies:
      '@ucast/core': 1.10.2
    dev: false

  /ansi-styles@3.2.1:
    resolution: {integrity: sha512-VT0ZI6kZRdTh8YyJw3SMbYm/u+NqfsAxEpWO0Pf9sq8/e94WxxOpPKx9FR1FlyCtOVDNOQ+8ntlqFxiRc+r5qA==}
    engines: {node: '>=4'}
    dependencies:
      color-convert: 1.9.3
    dev: true

  /backo2@1.0.2:
    resolution: {integrity: sha512-zj6Z6M7Eq+PBZ7PQxl5NT665MvJdAkzp0f60nAJ+sLaSCBPMwVak5ZegFbgVCzFcCJTKFoMizvM5Ld7+JrRJHA==}
    dev: true

  /body-parser@1.20.3:
    resolution: {integrity: sha512-7rAxByjUMqQ3/bHJy7D6OGXvx/MMc4IqBn/X0fcM1QUcAItpZrBEYhWGem+tzXH90c+G01ypMcYJBO9Y30203g==}
    engines: {node: '>= 0.8', npm: 1.2.8000 || >= 1.4.16}
    dependencies:
      bytes: 3.1.2
      content-type: 1.0.5
      debug: 2.6.9
      depd: 2.0.0
      destroy: 1.2.0
      http-errors: 2.0.0
      iconv-lite: 0.4.24
      on-finished: 2.4.1
      qs: 6.13.0
      raw-body: 2.5.2
      type-is: 1.6.18
      unpipe: 1.0.0
    transitivePeerDependencies:
      - supports-color
    dev: true

  /buffer-equal-constant-time@1.0.1:
    resolution: {integrity: sha512-zRpUiDwd/xk6ADqPMATG8vc9VPrkck7T07OIx0gnjmJAnHnTVXNQG3vfvWNuiZIkwu9KrKdA1iJKfsfTVxE6NA==}
    dev: true

  /bytes@3.1.2:
    resolution: {integrity: sha512-/Nf7TyzTx6S3yRJObOAV7956r8cr2+Oj8AC5dt8wSP3BQAoeX58NoHyCU8P8zGkNXStjTSi6fzO6F0pBdcYbEg==}
    engines: {node: '>= 0.8'}
    dev: true

  /call-bind-apply-helpers@1.0.1:
    resolution: {integrity: sha512-BhYE+WDaywFg2TBWYNXAE+8B1ATnThNBqXHP5nQu0jWJdVvY2hvkpyB3qOmtmDePiS5/BDQ8wASEWGMWRG148g==}
    engines: {node: '>= 0.4'}
    dependencies:
      es-errors: 1.3.0
      function-bind: 1.1.2
    dev: true

  /call-bind@1.0.8:
    resolution: {integrity: sha512-oKlSFMcMwpUg2ednkhQ454wfWiU/ul3CkJe/PEHcTKuiX6RpbehUiFMXu13HalGZxfUwCQzZG747YXBn1im9ww==}
    engines: {node: '>= 0.4'}
    dependencies:
      call-bind-apply-helpers: 1.0.1
      es-define-property: 1.0.1
      get-intrinsic: 1.2.6
      set-function-length: 1.2.2
    dev: true

  /call-bound@1.0.2:
    resolution: {integrity: sha512-0lk0PHFe/uz0vl527fG9CgdE9WdafjDbCXvBbs+LUv000TVt2Jjhqbs4Jwm8gz070w8xXyEAxrPOMullsxXeGg==}
    engines: {node: '>= 0.4'}
    dependencies:
      call-bind: 1.0.8
      get-intrinsic: 1.2.6
    dev: true

  /chalk@2.4.2:
    resolution: {integrity: sha512-Mti+f9lpJNcwF4tWV8/OrTTtF1gZi+f8FqlyAdouralcFWFQWF2+NgCHShjkCb+IFBLq9buZwE1xckQU4peSuQ==}
    engines: {node: '>=4'}
    dependencies:
      ansi-styles: 3.2.1
      escape-string-regexp: 1.0.5
      supports-color: 5.5.0
    dev: true

  /color-convert@1.9.3:
    resolution: {integrity: sha512-QfAUtd+vFdAtFQcC8CCyYt1fYWxSqAiK2cSD6zDB8N3cpsEBAvRxp9zOGg6G/SHHJYAT88/az/IuDGALsNVbGg==}
    dependencies:
      color-name: 1.1.3
    dev: true

  /color-name@1.1.3:
    resolution: {integrity: sha512-72fSenhMw2HZMTVHeCA9KCmpEIbzWiQsjN+BHcBbS9vr1mtt+vJjPdksIBNUmKAW8TFUDPJK5SUU3QhE9NEXDw==}
    dev: true

  /commander@2.20.3:
    resolution: {integrity: sha512-GpVkmM8vF2vQUkj2LvZmD35JxeJOLCwJ9cUkugyk2nuhbv3+mJvpLYYt+0+USMxE+oj+ey/lJEnhZw75x/OMcQ==}
    dev: true

  /content-type@1.0.5:
    resolution: {integrity: sha512-nTjqfcBFEipKdXCv4YDQWCfmcLZKm81ldF0pAopTvyrFGVbcR6P/VAAd5G7N+0tTr8QqiU0tFadD6FK4NtJwOA==}
    engines: {node: '>= 0.6'}
    dev: true

  /debug@2.6.9:
    resolution: {integrity: sha512-bC7ElrdJaJnPbAP+1EotYvqZsb3ecl5wi6Bfi6BJTUcNowp6cvspg0jXznRTKDjm/E7AdgFBVeAPVMNcKGsHMA==}
    peerDependencies:
      supports-color: '*'
    peerDependenciesMeta:
      supports-color:
        optional: true
    dependencies:
      ms: 2.0.0
    dev: true

  /debug@4.4.0:
    resolution: {integrity: sha512-6WTZ/IxCY/T6BALoZHaE4ctp9xm+Z5kY/pzYaCHRFeyVhojxlrm+46y68HA6hr0TcwEssoxNiDEUJQjfPZ/RYA==}
    engines: {node: '>=6.0'}
    peerDependencies:
      supports-color: '*'
    peerDependenciesMeta:
      supports-color:
        optional: true
    dependencies:
      ms: 2.1.3
    dev: true

  /define-data-property@1.1.4:
    resolution: {integrity: sha512-rBMvIzlpA8v6E+SJZoo++HAYqsLrkg7MSfIinMPFhmkorw7X+dOXVJQs+QT69zGkzMyfDnIMN2Wid1+NbL3T+A==}
    engines: {node: '>= 0.4'}
    dependencies:
      es-define-property: 1.0.1
      es-errors: 1.3.0
      gopd: 1.2.0
    dev: true

  /depd@1.1.2:
    resolution: {integrity: sha512-7emPTl6Dpo6JRXOXjLRxck+FlLRX5847cLKEn00PLAgc3g2hTZZgr+e4c2v6QpSmLeFP3n5yUo7ft6avBK/5jQ==}
    engines: {node: '>= 0.6'}
    dev: true

  /depd@2.0.0:
    resolution: {integrity: sha512-g7nH6P6dyDioJogAAGprGpCtVImJhpPk/roCzdb3fIh61/s/nPsfR6onyMwkCAR/OlC3yBC0lESvUoQEAssIrw==}
    engines: {node: '>= 0.8'}
    dev: true

  /destroy@1.2.0:
    resolution: {integrity: sha512-2sJGJTaXIIaR1w4iJSNoN0hnMY7Gpc/n8D4qSCJw8QqFWXf7cuAgnEHxBpweaVcPevC2l3KpjYCx3NypQQgaJg==}
    engines: {node: '>= 0.8', npm: 1.2.8000 || >= 1.4.16}
    dev: true

  /dunder-proto@1.0.0:
    resolution: {integrity: sha512-9+Sj30DIu+4KvHqMfLUGLFYL2PkURSYMVXJyXe92nFRvlYq5hBjLEhblKB+vkd/WVlUYMWigiY07T91Fkk0+4A==}
    engines: {node: '>= 0.4'}
    dependencies:
      call-bind-apply-helpers: 1.0.1
      es-errors: 1.3.0
      gopd: 1.2.0
    dev: true

  /ecdsa-sig-formatter@1.0.11:
    resolution: {integrity: sha512-nagl3RYrbNv6kQkeJIpt6NJZy8twLB/2vtz6yN9Z4vRKHN4/QZJIEbqohALSgwKdnksuY3k5Addp5lg8sVoVcQ==}
    dependencies:
      safe-buffer: 5.2.1
    dev: true

  /ee-first@1.1.1:
    resolution: {integrity: sha512-WMwm9LhRUo+WUaRN+vRuETqG89IgZphVSNkdFgeb6sS/E4OrDIN7t48CAewSHXc6C8lefD8KKfr5vY61brQlow==}
    dev: true

  /encodeurl@2.0.0:
    resolution: {integrity: sha512-Q0n9HRi4m6JuGIV1eFlmvJB7ZEVxu93IrMyiMsGC0lrMJMWzRgx6WGquyfQgZVb31vhGgXnfmPNNXmxnOkRBrg==}
    engines: {node: '>= 0.8'}
    dev: true

  /es-define-property@1.0.1:
    resolution: {integrity: sha512-e3nRfgfUZ4rNGL232gUgX06QNyyez04KdjFrF+LTRoOXmrOgFKDg4BCdsjW8EnT69eqdYGmRpJwiPVYNrCaW3g==}
    engines: {node: '>= 0.4'}
    dev: true

  /es-errors@1.3.0:
    resolution: {integrity: sha512-Zf5H2Kxt2xjTvbJvP2ZWLEICxA6j+hAmMzIlypy4xcBg1vKVnx89Wy0GbS+kf5cwCVFFzdCFh2XSCFNULS6csw==}
    engines: {node: '>= 0.4'}
    dev: true

  /es-object-atoms@1.0.0:
    resolution: {integrity: sha512-MZ4iQ6JwHOBQjahnjwaC1ZtIBH+2ohjamzAO3oaHcXYup7qxjF2fixyH+Q71voWHeOkI2q/TnJao/KfXYIZWbw==}
    engines: {node: '>= 0.4'}
    dependencies:
      es-errors: 1.3.0
    dev: true

  /esbuild@0.23.1:
    resolution: {integrity: sha512-VVNz/9Sa0bs5SELtn3f7qhJCDPCF5oMEl5cO9/SSinpE9hbPVvxbd572HH5AKiP7WD8INO53GgfDDhRjkylHEg==}
    engines: {node: '>=18'}
    hasBin: true
    requiresBuild: true
    optionalDependencies:
      '@esbuild/aix-ppc64': 0.23.1
      '@esbuild/android-arm': 0.23.1
      '@esbuild/android-arm64': 0.23.1
      '@esbuild/android-x64': 0.23.1
      '@esbuild/darwin-arm64': 0.23.1
      '@esbuild/darwin-x64': 0.23.1
      '@esbuild/freebsd-arm64': 0.23.1
      '@esbuild/freebsd-x64': 0.23.1
      '@esbuild/linux-arm': 0.23.1
      '@esbuild/linux-arm64': 0.23.1
      '@esbuild/linux-ia32': 0.23.1
      '@esbuild/linux-loong64': 0.23.1
      '@esbuild/linux-mips64el': 0.23.1
      '@esbuild/linux-ppc64': 0.23.1
      '@esbuild/linux-riscv64': 0.23.1
      '@esbuild/linux-s390x': 0.23.1
      '@esbuild/linux-x64': 0.23.1
      '@esbuild/netbsd-x64': 0.23.1
      '@esbuild/openbsd-arm64': 0.23.1
      '@esbuild/openbsd-x64': 0.23.1
      '@esbuild/sunos-x64': 0.23.1
      '@esbuild/win32-arm64': 0.23.1
      '@esbuild/win32-ia32': 0.23.1
      '@esbuild/win32-x64': 0.23.1
    dev: true

  /escape-html@1.0.3:
    resolution: {integrity: sha512-NiSupZ4OeuGwr68lGIeym/ksIZMJodUGOSCZ/FSnTxcrekbvqrgdUxlJOMpijaKZVjAJrWrGs/6Jy8OMuyj9ow==}
    dev: true

  /escape-string-regexp@1.0.5:
    resolution: {integrity: sha512-vbRorB5FUQWvla16U8R/qgaFIya2qGzwDrNmCZuYKrbdSUMG6I1ZCGQRefkRVhuOkIGVne7BQ35DSfo1qvJqFg==}
    engines: {node: '>=0.8.0'}
    dev: true

  /eventemitter3@3.1.2:
    resolution: {integrity: sha512-tvtQIeLVHjDkJYnzf2dgVMxfuSGJeM/7UCG17TT4EumTfNtF+0nebF/4zWOIkCreAbtNqhGEboB6BWrwqNaw4Q==}
    dev: true

  /finalhandler@1.3.1:
    resolution: {integrity: sha512-6BN9trH7bp3qvnrRyzsBz+g3lZxTNZTbVO2EV1CS0WIcDbawYVdYvGflME/9QP0h0pYlCDBCTjYa9nZzMDpyxQ==}
    engines: {node: '>= 0.8'}
    dependencies:
      debug: 2.6.9
      encodeurl: 2.0.0
      escape-html: 1.0.3
      on-finished: 2.4.1
      parseurl: 1.3.3
      statuses: 2.0.1
      unpipe: 1.0.0
    transitivePeerDependencies:
      - supports-color
    dev: true

  /fsevents@2.3.3:
    resolution: {integrity: sha512-5xoDfX+fL7faATnagmWPpbFtwh/R77WmMMqqHGS65C3vvB0YHrgF+B1YmZ3441tMj5n63k0212XNoJwzlhffQw==}
    engines: {node: ^8.16.0 || ^10.6.0 || >=11.0.0}
    os: [darwin]
    requiresBuild: true
    dev: true
    optional: true

  /function-bind@1.1.2:
    resolution: {integrity: sha512-7XHNxH7qX9xG5mIwxkhumTox/MIRNcOgDrxWsMt2pAr23WHp6MrRlN7FBSFpCpr+oVO0F744iUgR82nJMfG2SA==}
    dev: true

  /get-intrinsic@1.2.6:
    resolution: {integrity: sha512-qxsEs+9A+u85HhllWJJFicJfPDhRmjzoYdl64aMWW9yRIJmSyxdn8IEkuIM530/7T+lv0TIHd8L6Q/ra0tEoeA==}
    engines: {node: '>= 0.4'}
    dependencies:
      call-bind-apply-helpers: 1.0.1
      dunder-proto: 1.0.0
      es-define-property: 1.0.1
      es-errors: 1.3.0
      es-object-atoms: 1.0.0
      function-bind: 1.1.2
      gopd: 1.2.0
      has-symbols: 1.1.0
      hasown: 2.0.2
      math-intrinsics: 1.0.0
    dev: true

  /get-tsconfig@4.8.1:
    resolution: {integrity: sha512-k9PN+cFBmaLWtVz29SkUoqU5O0slLuHJXt/2P+tMVFT+phsSGXGkp9t3rQIqdz0e+06EHNGs3oM6ZX1s2zHxRg==}
    dependencies:
      resolve-pkg-maps: 1.0.0
    dev: true

  /gopd@1.2.0:
    resolution: {integrity: sha512-ZUKRh6/kUFoAiTAtTYPZJ3hw9wNxx+BIBOijnlG9PnrJsCcSjs1wyyD6vJpaYtgnzDrKYRSqf3OO6Rfa93xsRg==}
    engines: {node: '>= 0.4'}
    dev: true

  /graphile-build-pg@4.13.0(graphql@16.9.0)(pg@8.13.1):
    resolution: {integrity: sha512-1FD+3wjCdK1lbICY1QVO26A7s8efSjR522LarL9Bx1M1iBJHNIpCEW2PK+LkulQjY1l5LGQ1A93GQFqi6cZ6bg==}
    engines: {node: '>=8.6'}
    peerDependencies:
      pg: '>=6.1.0 <9'
    dependencies:
      '@graphile/lru': 4.11.0
      chalk: 2.4.2
      debug: 4.4.0
      graphile-build: 4.13.0(graphql@16.9.0)
      jsonwebtoken: 9.0.2
      lodash: 4.17.21
      lru-cache: 4.1.5
      pg: 8.13.1
      pg-sql2: 4.13.0(pg@8.13.1)
    transitivePeerDependencies:
      - graphql
      - supports-color
    dev: true

  /graphile-build@4.13.0(graphql@15.9.0):
    resolution: {integrity: sha512-KPBrHgRw5fury6l9WEQH6ys1UtnxrRrG+Ehnr68NvfNELp4T+QsekTSVFi5LWoJOaXvdYMqP2L8MFBRQP2vKsw==}
    engines: {node: '>=8.6'}
    peerDependencies:
      graphql: '>=0.9 <0.14 || ^14.0.2 || ^15.4.0'
    dependencies:
      '@graphile/lru': 4.11.0
      chalk: 2.4.2
      debug: 4.4.0
      graphql: 15.9.0
      graphql-parse-resolve-info: 4.13.0(graphql@16.9.0)
      iterall: 1.3.0
      lodash: 4.17.21
      lru-cache: 5.1.1
      pluralize: 7.0.0
      semver: 6.3.1
    transitivePeerDependencies:
      - supports-color
    dev: true

  /graphile-build@4.13.0(graphql@16.9.0):
    resolution: {integrity: sha512-KPBrHgRw5fury6l9WEQH6ys1UtnxrRrG+Ehnr68NvfNELp4T+QsekTSVFi5LWoJOaXvdYMqP2L8MFBRQP2vKsw==}
    engines: {node: '>=8.6'}
    peerDependencies:
      graphql: '>=0.9 <0.14 || ^14.0.2 || ^15.4.0'
    dependencies:
      '@graphile/lru': 4.11.0
      chalk: 2.4.2
      debug: 4.4.0
      graphql: 16.9.0
      graphql-parse-resolve-info: 4.13.0(graphql@16.9.0)
      iterall: 1.3.0
      lodash: 4.17.21
      lru-cache: 5.1.1
      pluralize: 7.0.0
      semver: 6.3.1
    transitivePeerDependencies:
      - supports-color
    dev: true

  /graphile-utils@4.13.0(graphile-build-pg@4.13.0)(graphile-build@4.13.0):
    resolution: {integrity: sha512-6nzlCNeJB1qV9AaPyJ/iHU+CDfs8jxpcmQ47Fmrgmp8r5VwKdL/uDt0LW8IuXu2VZrbM1GGyZ8rQtcdVmQYZ+g==}
    engines: {node: '>=8.6'}
    peerDependencies:
      graphile-build: ^4.5.0
      graphile-build-pg: ^4.5.0
    dependencies:
      debug: 4.4.0
      graphile-build: 4.13.0(graphql@16.9.0)
      graphile-build-pg: 4.13.0(graphql@16.9.0)(pg@8.13.1)
      graphql: 15.9.0
      tslib: 2.8.1
    transitivePeerDependencies:
      - supports-color
    dev: true

  /graphql-parse-resolve-info@4.13.0(graphql@16.9.0):
    resolution: {integrity: sha512-VVJ1DdHYcR7hwOGQKNH+QTzuNgsLA8l/y436HtP9YHoX6nmwXRWq3xWthU3autMysXdm0fQUbhTZCx0W9ICozw==}
    engines: {node: '>=8.6'}
    peerDependencies:
      graphql: '>=0.9 <0.14 || ^14.0.2 || ^15.4.0 || ^16.3.0'
    dependencies:
      debug: 4.4.0
      graphql: 16.9.0
      tslib: 2.8.1
    transitivePeerDependencies:
      - supports-color
    dev: true

  /graphql-tag@2.12.6(graphql@16.9.0):
    resolution: {integrity: sha512-FdSNcu2QQcWnM2VNvSCCDCVS5PpPqpzgFT8+GXzqJuoDd0CBncxCY278u4mhRO7tMgo2JjgJA5aZ+nWSQ/Z+xg==}
    engines: {node: '>=10'}
    peerDependencies:
      graphql: ^0.9.0 || ^0.10.0 || ^0.11.0 || ^0.12.0 || ^0.13.0 || ^14.0.0 || ^15.0.0 || ^16.0.0
    dependencies:
      graphql: 16.9.0
      tslib: 2.8.1
    dev: false

  /graphql-ws@5.16.0(graphql@15.9.0):
    resolution: {integrity: sha512-Ju2RCU2dQMgSKtArPbEtsK5gNLnsQyTNIo/T7cZNp96niC1x0KdJNZV0TIoilceBPQwfb5itrGl8pkFeOUMl4A==}
    engines: {node: '>=10'}
    peerDependencies:
      graphql: '>=0.11 <=16'
    dependencies:
      graphql: 15.9.0
    dev: true

  /graphql@15.9.0:
    resolution: {integrity: sha512-GCOQdvm7XxV1S4U4CGrsdlEN37245eC8P9zaYCMr6K1BG0IPGy5lUwmJsEOGyl1GD6HXjOtl2keCP9asRBwNvA==}
    engines: {node: '>= 10.x'}
    dev: true

  /graphql@16.9.0:
    resolution: {integrity: sha512-GGTKBX4SD7Wdb8mqeDLni2oaRGYQWjWHGKPQ24ZMnUtKfcsVoiv4uX8+LJr1K6U5VW2Lu1BwJnj7uiori0YtRw==}
    engines: {node: ^12.22.0 || ^14.16.0 || ^16.0.0 || >=17.0.0}

  /has-flag@3.0.0:
    resolution: {integrity: sha512-sKJf1+ceQBr4SMkvQnBDNDtf4TXpVhVGateu0t918bl30FnbE2m4vNLX+VWe/dpjlb+HugGYzW7uQXH98HPEYw==}
    engines: {node: '>=4'}
    dev: true

  /has-property-descriptors@1.0.2:
    resolution: {integrity: sha512-55JNKuIW+vq4Ke1BjOTjM2YctQIvCT7GFzHwmfZPGo5wnrgkid0YQtnAleFSqumZm4az3n2BS+erby5ipJdgrg==}
    dependencies:
      es-define-property: 1.0.1
    dev: true

  /has-symbols@1.1.0:
    resolution: {integrity: sha512-1cDNdwJ2Jaohmb3sg4OmKaMBwuC48sYni5HUw2DvsC8LjGTLK9h+eb1X6RyuOHe4hT0ULCW68iomhjUoKUqlPQ==}
    engines: {node: '>= 0.4'}
    dev: true

  /hasown@2.0.2:
    resolution: {integrity: sha512-0hJU9SCPvmMzIBdZFqNPXWa6dqh7WdH0cII9y+CyS8rG3nL48Bclra9HmKhVVUHyPWNH5Y7xDwAB7bfgSjkUMQ==}
    engines: {node: '>= 0.4'}
    dependencies:
      function-bind: 1.1.2
    dev: true

  /http-errors@1.8.1:
    resolution: {integrity: sha512-Kpk9Sm7NmI+RHhnj6OIWDI1d6fIoFAtFt9RLaTMRlg/8w49juAStsrBgp0Dp4OdxdVbRIeKhtCUvoi/RuAhO4g==}
    engines: {node: '>= 0.6'}
    dependencies:
      depd: 1.1.2
      inherits: 2.0.4
      setprototypeof: 1.2.0
      statuses: 1.5.0
      toidentifier: 1.0.1
    dev: true

  /http-errors@2.0.0:
    resolution: {integrity: sha512-FtwrG/euBzaEjYeRqOgly7G0qviiXoJWnvEH2Z1plBdXgbyjv34pHTSb9zoeHMyDy33+DWy5Wt9Wo+TURtOYSQ==}
    engines: {node: '>= 0.8'}
    dependencies:
      depd: 2.0.0
      inherits: 2.0.4
      setprototypeof: 1.2.0
      statuses: 2.0.1
      toidentifier: 1.0.1
    dev: true

  /iconv-lite@0.4.24:
    resolution: {integrity: sha512-v3MXnZAcvnywkTUEZomIActle7RXXeedOR31wwl7VlyoXO4Qi9arvSenNQWne1TcRwhCL1HwLI21bEqdpj8/rA==}
    engines: {node: '>=0.10.0'}
    dependencies:
      safer-buffer: 2.1.2
    dev: true

  /inherits@2.0.4:
    resolution: {integrity: sha512-k/vGaX4/Yla3WzyMCvTQOXYeIHvqOKtnqBduzTHpzpQZzAskKMhZ2K+EnBiSM9zGSoIFeMpXKxa4dYeZIQqewQ==}
    dev: true

  /iterall@1.3.0:
    resolution: {integrity: sha512-QZ9qOMdF+QLHxy1QIpUHUU1D5pS2CG2P69LF6L6CPjPYA/XMOmKV3PZpawHoAjHNyB0swdVTRxdYT4tbBbxqwg==}
    dev: true

  /json5@2.2.3:
    resolution: {integrity: sha512-XmOWe7eyHYH14cLdVPoyg+GOH3rYX++KpzrylJwSW98t3Nk+U8XOl8FWKOgwtzdb8lXGf6zYwDUzeHMWfxasyg==}
    engines: {node: '>=6'}
    hasBin: true
    dev: true

  /jsonwebtoken@9.0.2:
    resolution: {integrity: sha512-PRp66vJ865SSqOlgqS8hujT5U4AOgMfhrwYIuIhfKaoSCZcirrmASQr8CX7cUg+RMih+hgznrjp99o+W4pJLHQ==}
    engines: {node: '>=12', npm: '>=6'}
    dependencies:
      jws: 3.2.2
      lodash.includes: 4.3.0
      lodash.isboolean: 3.0.3
      lodash.isinteger: 4.0.4
      lodash.isnumber: 3.0.3
      lodash.isplainobject: 4.0.6
      lodash.isstring: 4.0.1
      lodash.once: 4.1.1
      ms: 2.1.3
      semver: 7.6.3
    dev: true

  /jwa@1.4.1:
    resolution: {integrity: sha512-qiLX/xhEEFKUAJ6FiBMbes3w9ATzyk5W7Hvzpa/SLYdxNtng+gcurvrI7TbACjIXlsJyr05/S1oUhZrc63evQA==}
    dependencies:
      buffer-equal-constant-time: 1.0.1
      ecdsa-sig-formatter: 1.0.11
      safe-buffer: 5.2.1
    dev: true

  /jws@3.2.2:
    resolution: {integrity: sha512-YHlZCB6lMTllWDtSPHz/ZXTsi8S00usEV6v1tjq8tOUZzw7DpSDWVXjXDre6ed1w/pd495ODpHZYSdkRTsa0HA==}
    dependencies:
      jwa: 1.4.1
      safe-buffer: 5.2.1
    dev: true

  /lodash.includes@4.3.0:
    resolution: {integrity: sha512-W3Bx6mdkRTGtlJISOvVD/lbqjTlPPUDTMnlXZFnVwi9NKJ6tiAk6LVdlhZMm17VZisqhKcgzpO5Wz91PCt5b0w==}
    dev: true

  /lodash.isboolean@3.0.3:
    resolution: {integrity: sha512-Bz5mupy2SVbPHURB98VAcw+aHh4vRV5IPNhILUCsOzRmsTmSQ17jIuqopAentWoehktxGd9e/hbIXq980/1QJg==}
    dev: true

  /lodash.isinteger@4.0.4:
    resolution: {integrity: sha512-DBwtEWN2caHQ9/imiNeEA5ys1JoRtRfY3d7V9wkqtbycnAmTvRRmbHKDV4a0EYc678/dia0jrte4tjYwVBaZUA==}
    dev: true

  /lodash.isnumber@3.0.3:
    resolution: {integrity: sha512-QYqzpfwO3/CWf3XP+Z+tkQsfaLL/EnUlXWVkIk5FUPc4sBdTehEqZONuyRt2P67PXAk+NXmTBcc97zw9t1FQrw==}
    dev: true

  /lodash.isplainobject@4.0.6:
    resolution: {integrity: sha512-oSXzaWypCMHkPC3NvBEaPHf0KsA5mvPrOPgQWDsbg8n7orZ290M0BmC/jgRZ4vcJ6DTAhjrsSYgdsW/F+MFOBA==}
    dev: true

  /lodash.isstring@4.0.1:
    resolution: {integrity: sha512-0wJxfxH1wgO3GrbuP+dTTk7op+6L41QCXbGINEmD+ny/G/eCqGzxyCsh7159S+mgDDcoarnBw6PC1PS5+wUGgw==}
    dev: true

  /lodash.once@4.1.1:
    resolution: {integrity: sha512-Sb487aTOCr9drQVL8pIxOzVhafOjZN9UU54hiN8PU3uAiSV7lx1yYNpbNmex2PK6dSJoNTSJUUswT651yww3Mg==}
    dev: true

  /lodash@4.17.21:
    resolution: {integrity: sha512-v2kDEe57lecTulaDIuNTPy3Ry4gLGJ6Z1O3vE1krgXZNrsQ+LFTGHVxVjcXPs17LhbZVGedAJv8XZ1tvj5FvSg==}
    dev: true

  /lru-cache@4.1.5:
    resolution: {integrity: sha512-sWZlbEP2OsHNkXrMl5GYk/jKk70MBng6UU4YI/qGDYbgf6YbP4EvmqISbXCoJiRKs+1bSpFHVgQxvJ17F2li5g==}
    dependencies:
      pseudomap: 1.0.2
      yallist: 2.1.2
    dev: true

  /lru-cache@5.1.1:
    resolution: {integrity: sha512-KpNARQA3Iwv+jTA0utUVVbrh+Jlrr1Fv0e56GGzAFOXN7dk/FviaDW8LHmK52DlcH4WP2n6gI8vN1aesBFgo9w==}
    dependencies:
      yallist: 3.1.1
    dev: true

  /math-intrinsics@1.0.0:
    resolution: {integrity: sha512-4MqMiKP90ybymYvsut0CH2g4XWbfLtmlCkXmtmdcDCxNB+mQcu1w/1+L/VD7vi/PSv7X2JYV7SCcR+jiPXnQtA==}
    engines: {node: '>= 0.4'}
    dev: true

  /media-typer@0.3.0:
    resolution: {integrity: sha512-dq+qelQ9akHpcOl/gUVRTxVIOkAJ1wR3QAvb4RsVjS8oVoFjDGTc679wJYmUmknUF5HwMLOgb5O+a3KxfWapPQ==}
    engines: {node: '>= 0.6'}
    dev: true

  /mime-db@1.52.0:
    resolution: {integrity: sha512-sPU4uV7dYlvtWJxwwxHD0PuihVNiE7TyAbQ5SWxDCB9mUYvOgroQOwYQQOKPJ8CIbE+1ETVlOoK1UC2nU3gYvg==}
    engines: {node: '>= 0.6'}
    dev: true

  /mime-types@2.1.35:
    resolution: {integrity: sha512-ZDY+bPm5zTTF+YpCrAU9nK0UgICYPT0QtT1NZWFv4s++TNkcgVaT0g6+4R2uI4MjQjzysHB1zxuWL50hzaeXiw==}
    engines: {node: '>= 0.6'}
    dependencies:
      mime-db: 1.52.0
    dev: true

  /ms@2.0.0:
    resolution: {integrity: sha512-Tpp60P6IUJDTuOq/5Z8cdskzJujfwqfOTkrwIwj7IRISpnkJnT6SyJ4PCPnGMoFjC9ddhal5KVIYtAt97ix05A==}
    dev: true

  /ms@2.1.3:
    resolution: {integrity: sha512-6FlzubTLZG3J2a/NVCAleEhjzq5oxgHyaCU9yYXvcLsvoVaHJq/s5xXI6/XXP6tz7R9xAOtHnSO/tXtF3WRTlA==}
    dev: true

  /object-inspect@1.13.3:
    resolution: {integrity: sha512-kDCGIbxkDSXE3euJZZXzc6to7fCrKHNI/hSRQnRuQ+BWjFNzZwiFF8fj/6o2t2G9/jTj8PSIYTfCLelLZEeRpA==}
    engines: {node: '>= 0.4'}
    dev: true

  /obuf@1.1.2:
    resolution: {integrity: sha512-PX1wu0AmAdPqOL1mWhqmlOd8kOIZQwGZw6rh7uby9fTc5lhaOWFLX3I6R1hrF9k3zUY40e6igsLGkDXK92LJNg==}
    dev: true

  /on-finished@2.4.1:
    resolution: {integrity: sha512-oVlzkg3ENAhCk2zdv7IJwd/QUD4z2RxRwpkcGY8psCVcCYZNq4wYnVWALHM+brtuJjePWiYF/ClmuDr8Ch5+kg==}
    engines: {node: '>= 0.8'}
    dependencies:
      ee-first: 1.1.1
    dev: true

  /parseurl@1.3.3:
    resolution: {integrity: sha512-CiyeOxFT/JZyN5m0z9PfXw4SCBJ6Sygz1Dpl0wqjlhDEGGBP1GnsUVEL0p63hoG1fcj3fHynXi9NYO4nWOL+qQ==}
    engines: {node: '>= 0.8'}
    dev: true

  /pg-cloudflare@1.1.1:
    resolution: {integrity: sha512-xWPagP/4B6BgFO+EKz3JONXv3YDgvkbVrGw2mTo3D6tVDQRh1e7cqVGvyR3BE+eQgAvx1XhW/iEASj4/jCWl3Q==}
    requiresBuild: true
    dev: true
    optional: true

  /pg-connection-string@2.7.0:
    resolution: {integrity: sha512-PI2W9mv53rXJQEOb8xNR8lH7Hr+EKa6oJa38zsK0S/ky2er16ios1wLKhZyxzD7jUReiWokc9WK5nxSnC7W1TA==}
    dev: true

  /pg-int8@1.0.1:
    resolution: {integrity: sha512-WCtabS6t3c8SkpDBUlb1kjOs7l66xsGdKpIPZsg4wR+B3+u9UAum2odSsF9tnvxg80h4ZxLWMy4pRjOsFIqQpw==}
    engines: {node: '>=4.0.0'}
    dev: true

  /pg-numeric@1.0.2:
    resolution: {integrity: sha512-BM/Thnrw5jm2kKLE5uJkXqqExRUY/toLHda65XgFTBTFYZyopbKjBe29Ii3RbkvlsMoFwD+tHeGaCjjv0gHlyw==}
    engines: {node: '>=4'}
    dev: true

  /pg-pool@3.7.0(pg@8.13.1):
    resolution: {integrity: sha512-ZOBQForurqh4zZWjrgSwwAtzJ7QiRX0ovFkZr2klsen3Nm0aoh33Ls0fzfv3imeH/nw/O27cjdz5kzYJfeGp/g==}
    peerDependencies:
      pg: '>=8.0'
    dependencies:
      pg: 8.13.1
    dev: true

  /pg-protocol@1.7.0:
    resolution: {integrity: sha512-hTK/mE36i8fDDhgDFjy6xNOG+LCorxLG3WO17tku+ij6sVHXh1jQUJ8hYAnRhNla4QVD2H8er/FOjc/+EgC6yQ==}
    dev: true

  /pg-sql2@4.13.0(pg@8.13.1):
    resolution: {integrity: sha512-9sUlAR+FCuOPezS+2cQCSRUEmnyYrT929DiceZIsINk4R54hCGSh1OTWIP4gbAZeUMTYeEXnwTfnnEOupLYTRQ==}
    engines: {node: '>=8.6'}
    peerDependencies:
      pg: '>=6.1.0 <9'
    dependencies:
      '@graphile/lru': 4.11.0
      '@types/pg': 8.11.10
      debug: 4.4.0
      pg: 8.13.1
      tslib: 2.8.1
    transitivePeerDependencies:
      - supports-color
    dev: true

  /pg-types@2.2.0:
    resolution: {integrity: sha512-qTAAlrEsl8s4OiEQY69wDvcMIdQN6wdz5ojQiOy6YRMuynxenON0O5oCpJI6lshc6scgAY8qvJ2On/p+CXY0GA==}
    engines: {node: '>=4'}
    dependencies:
      pg-int8: 1.0.1
      postgres-array: 2.0.0
      postgres-bytea: 1.0.0
      postgres-date: 1.0.7
      postgres-interval: 1.2.0
    dev: true

  /pg-types@4.0.2:
    resolution: {integrity: sha512-cRL3JpS3lKMGsKaWndugWQoLOCoP+Cic8oseVcbr0qhPzYD5DWXK+RZ9LY9wxRf7RQia4SCwQlXk0q6FCPrVng==}
    engines: {node: '>=10'}
    dependencies:
      pg-int8: 1.0.1
      pg-numeric: 1.0.2
      postgres-array: 3.0.2
      postgres-bytea: 3.0.0
      postgres-date: 2.1.0
      postgres-interval: 3.0.0
      postgres-range: 1.1.4
    dev: true

  /pg@8.13.1:
    resolution: {integrity: sha512-OUir1A0rPNZlX//c7ksiu7crsGZTKSOXJPgtNiHGIlC9H0lO+NC6ZDYksSgBYY/thSWhnSRBv8w1lieNNGATNQ==}
    engines: {node: '>= 8.0.0'}
    peerDependencies:
      pg-native: '>=3.0.1'
    peerDependenciesMeta:
      pg-native:
        optional: true
    dependencies:
      pg-connection-string: 2.7.0
      pg-pool: 3.7.0(pg@8.13.1)
      pg-protocol: 1.7.0
      pg-types: 2.2.0
      pgpass: 1.0.5
    optionalDependencies:
      pg-cloudflare: 1.1.1
    dev: true

  /pgpass@1.0.5:
    resolution: {integrity: sha512-FdW9r/jQZhSeohs1Z3sI1yxFQNFvMcnmfuj4WBMUTxOrAyLMaTcE1aAMBiTlbMNaXvBCQuVi0R7hd8udDSP7ug==}
    dependencies:
      split2: 4.2.0
    dev: true

  /pluralize@7.0.0:
    resolution: {integrity: sha512-ARhBOdzS3e41FbkW/XWrTEtukqqLoK5+Z/4UeDaLuSW+39JPeFgs4gCGqsrJHVZX0fUrx//4OF0K1CUGwlIFow==}
    engines: {node: '>=4'}
    dev: true

  /postgraphile-core@4.13.0(graphql@15.9.0)(pg@8.13.1):
    resolution: {integrity: sha512-8O7xVKZ20K1dTw4KO0jNAfZPNrxNsGG2VrG3Q0IO70ki/OswE6kz/WBZnWFeGxX0sHSEOGWQa4NSrj9EYsSNuw==}
    engines: {node: '>=8.6'}
    peerDependencies:
      graphql: '>=0.9 <0.14 || ^14.0.2 || ^15.4.0'
      pg: '>=6.1.0 <9'
    dependencies:
      graphile-build: 4.13.0(graphql@15.9.0)
      graphile-build-pg: 4.13.0(graphql@16.9.0)(pg@8.13.1)
      graphql: 15.9.0
      pg: 8.13.1
      tslib: 2.8.1
    transitivePeerDependencies:
      - supports-color
    dev: true

  /postgraphile@4.13.0:
    resolution: {integrity: sha512-p2VqUnsECd1XrucylK1iosvKEn96J8CWeMVWzxF7b6G21jmaETvFe2CO2q4+dKY5DFCVEF2O9pEfmUfYCKl5+A==}
    engines: {node: '>=8.6'}
    hasBin: true
    dependencies:
      '@graphile/lru': 4.11.0
      '@types/json5': 0.0.30
      '@types/jsonwebtoken': 9.0.7
      '@types/pg': 8.11.10
      '@types/ws': 7.4.7
      body-parser: 1.20.3
      chalk: 2.4.2
      commander: 2.20.3
      debug: 4.4.0
      finalhandler: 1.3.1
      graphile-build: 4.13.0(graphql@16.9.0)
      graphile-build-pg: 4.13.0(graphql@16.9.0)(pg@8.13.1)
      graphile-utils: 4.13.0(graphile-build-pg@4.13.0)(graphile-build@4.13.0)
      graphql: 15.9.0
      graphql-ws: 5.16.0(graphql@15.9.0)
      http-errors: 1.8.1
      iterall: 1.3.0
      json5: 2.2.3
      jsonwebtoken: 9.0.2
      parseurl: 1.3.3
      pg: 8.13.1
      pg-connection-string: 2.7.0
      pg-sql2: 4.13.0(pg@8.13.1)
      postgraphile-core: 4.13.0(graphql@15.9.0)(pg@8.13.1)
      subscriptions-transport-ws: 0.9.19(graphql@15.9.0)
      tslib: 2.8.1
      ws: 7.5.10
    transitivePeerDependencies:
      - bufferutil
      - pg-native
      - supports-color
      - utf-8-validate
    dev: true

  /postgres-array@2.0.0:
    resolution: {integrity: sha512-VpZrUqU5A69eQyW2c5CA1jtLecCsN2U/bD6VilrFDWq5+5UIEVO7nazS3TEcHf1zuPYO/sqGvUvW62g86RXZuA==}
    engines: {node: '>=4'}
    dev: true

  /postgres-array@3.0.2:
    resolution: {integrity: sha512-6faShkdFugNQCLwucjPcY5ARoW1SlbnrZjmGl0IrrqewpvxvhSLHimCVzqeuULCbG0fQv7Dtk1yDbG3xv7Veog==}
    engines: {node: '>=12'}
    dev: true

  /postgres-bytea@1.0.0:
    resolution: {integrity: sha512-xy3pmLuQqRBZBXDULy7KbaitYqLcmxigw14Q5sj8QBVLqEwXfeybIKVWiqAXTlcvdvb0+xkOtDbfQMOf4lST1w==}
    engines: {node: '>=0.10.0'}
    dev: true

  /postgres-bytea@3.0.0:
    resolution: {integrity: sha512-CNd4jim9RFPkObHSjVHlVrxoVQXz7quwNFpz7RY1okNNme49+sVyiTvTRobiLV548Hx/hb1BG+iE7h9493WzFw==}
    engines: {node: '>= 6'}
    dependencies:
      obuf: 1.1.2
    dev: true

  /postgres-date@1.0.7:
    resolution: {integrity: sha512-suDmjLVQg78nMK2UZ454hAG+OAW+HQPZ6n++TNDUX+L0+uUlLywnoxJKDou51Zm+zTCjrCl0Nq6J9C5hP9vK/Q==}
    engines: {node: '>=0.10.0'}
    dev: true

  /postgres-date@2.1.0:
    resolution: {integrity: sha512-K7Juri8gtgXVcDfZttFKVmhglp7epKb1K4pgrkLxehjqkrgPhfG6OO8LHLkfaqkbpjNRnra018XwAr1yQFWGcA==}
    engines: {node: '>=12'}
    dev: true

  /postgres-interval@1.2.0:
    resolution: {integrity: sha512-9ZhXKM/rw350N1ovuWHbGxnGh/SNJ4cnxHiM0rxE4VN41wsg8P8zWn9hv/buK00RP4WvlOyr/RBDiptyxVbkZQ==}
    engines: {node: '>=0.10.0'}
    dependencies:
      xtend: 4.0.2
    dev: true

  /postgres-interval@3.0.0:
    resolution: {integrity: sha512-BSNDnbyZCXSxgA+1f5UU2GmwhoI0aU5yMxRGO8CdFEcY2BQF9xm/7MqKnYoM1nJDk8nONNWDk9WeSmePFhQdlw==}
    engines: {node: '>=12'}
    dev: true

  /postgres-range@1.1.4:
    resolution: {integrity: sha512-i/hbxIE9803Alj/6ytL7UHQxRvZkI9O4Sy+J3HGc4F4oo/2eQAjTSNJ0bfxyse3bH0nuVesCk+3IRLaMtG3H6w==}
    dev: true

  /pseudomap@1.0.2:
    resolution: {integrity: sha512-b/YwNhb8lk1Zz2+bXXpS/LK9OisiZZ1SNsSLxN1x2OXVEhW2Ckr/7mWE5vrC1ZTiJlD9g19jWszTmJsB+oEpFQ==}
    dev: true

  /qs@6.13.0:
    resolution: {integrity: sha512-+38qI9SOr8tfZ4QmJNplMUxqjbe7LKvvZgWdExBOmd+egZTtjLB67Gu0HRX3u/XOq7UU2Nx6nsjvS16Z9uwfpg==}
    engines: {node: '>=0.6'}
    dependencies:
      side-channel: 1.1.0
    dev: true

  /raw-body@2.5.2:
    resolution: {integrity: sha512-8zGqypfENjCIqGhgXToC8aB2r7YrBX+AQAfIPs/Mlk+BtPTztOvTS01NRW/3Eh60J+a48lt8qsCzirQ6loCVfA==}
    engines: {node: '>= 0.8'}
    dependencies:
      bytes: 3.1.2
      http-errors: 2.0.0
      iconv-lite: 0.4.24
      unpipe: 1.0.0
    dev: true

  /resolve-pkg-maps@1.0.0:
    resolution: {integrity: sha512-seS2Tj26TBVOC2NIc2rOe2y2ZO7efxITtLZcGSOnHHNOQ7CkiUBfw0Iw2ck6xkIhPwLhKNLS8BO+hEpngQlqzw==}
    dev: true

  /safe-buffer@5.2.1:
    resolution: {integrity: sha512-rp3So07KcdmmKbGvgaNxQSJr7bGVSVk5S9Eq1F+ppbRo70+YeaDxkw5Dd8NPN+GD6bjnYm2VuPuCXmpuYvmCXQ==}
    dev: true

  /safer-buffer@2.1.2:
    resolution: {integrity: sha512-YZo3K82SD7Riyi0E1EQPojLz7kpepnSQI9IyPbHHg1XXXevb5dJI7tpyN2ADxGcQbHG7vcyRHk0cbwqcQriUtg==}
    dev: true

  /semver@6.3.1:
    resolution: {integrity: sha512-BR7VvDCVHO+q2xBEWskxS6DJE1qRnb7DxzUrogb71CWoSficBxYsiAGd+Kl0mmq/MprG9yArRkyrQxTO6XjMzA==}
    hasBin: true
    dev: true

  /semver@7.6.3:
    resolution: {integrity: sha512-oVekP1cKtI+CTDvHWYFUcMtsK/00wmAEfyqKfNdARm8u1wNVhSgaX7A8d4UuIlUI5e84iEwOhs7ZPYRmzU9U6A==}
    engines: {node: '>=10'}
    hasBin: true
    dev: true

  /set-function-length@1.2.2:
    resolution: {integrity: sha512-pgRc4hJ4/sNjWCSS9AmnS40x3bNMDTknHgL5UaMBTMyJnU90EgWh1Rz+MC9eFu4BuN/UwZjKQuY/1v3rM7HMfg==}
    engines: {node: '>= 0.4'}
    dependencies:
      define-data-property: 1.1.4
      es-errors: 1.3.0
      function-bind: 1.1.2
      get-intrinsic: 1.2.6
      gopd: 1.2.0
      has-property-descriptors: 1.0.2
    dev: true

  /setprototypeof@1.2.0:
    resolution: {integrity: sha512-E5LDX7Wrp85Kil5bhZv46j8jOeboKq5JMmYM3gVGdGH8xFpPWXUMsNrlODCrkoxMEeNi/XZIwuRvY4XNwYMJpw==}
    dev: true

  /side-channel-list@1.0.0:
    resolution: {integrity: sha512-FCLHtRD/gnpCiCHEiJLOwdmFP+wzCmDEkc9y7NsYxeF4u7Btsn1ZuwgwJGxImImHicJArLP4R0yX4c2KCrMrTA==}
    engines: {node: '>= 0.4'}
    dependencies:
      es-errors: 1.3.0
      object-inspect: 1.13.3
    dev: true

  /side-channel-map@1.0.1:
    resolution: {integrity: sha512-VCjCNfgMsby3tTdo02nbjtM/ewra6jPHmpThenkTYh8pG9ucZ/1P8So4u4FGBek/BjpOVsDCMoLA/iuBKIFXRA==}
    engines: {node: '>= 0.4'}
    dependencies:
      call-bound: 1.0.2
      es-errors: 1.3.0
      get-intrinsic: 1.2.6
      object-inspect: 1.13.3
    dev: true

  /side-channel-weakmap@1.0.2:
    resolution: {integrity: sha512-WPS/HvHQTYnHisLo9McqBHOJk2FkHO/tlpvldyrnem4aeQp4hai3gythswg6p01oSoTl58rcpiFAjF2br2Ak2A==}
    engines: {node: '>= 0.4'}
    dependencies:
      call-bound: 1.0.2
      es-errors: 1.3.0
      get-intrinsic: 1.2.6
      object-inspect: 1.13.3
      side-channel-map: 1.0.1
    dev: true

  /side-channel@1.1.0:
    resolution: {integrity: sha512-ZX99e6tRweoUXqR+VBrslhda51Nh5MTQwou5tnUDgbtyM0dBgmhEDtWGP/xbKn6hqfPRHujUNwz5fy/wbbhnpw==}
    engines: {node: '>= 0.4'}
    dependencies:
      es-errors: 1.3.0
      object-inspect: 1.13.3
      side-channel-list: 1.0.0
      side-channel-map: 1.0.1
      side-channel-weakmap: 1.0.2
    dev: true

  /split2@4.2.0:
    resolution: {integrity: sha512-UcjcJOWknrNkF6PLX83qcHM6KHgVKNkV62Y8a5uYDVv9ydGQVwAHMKqHdJje1VTWpljG0WYpCDhrCdAOYH4TWg==}
    engines: {node: '>= 10.x'}
    dev: true

  /statuses@1.5.0:
    resolution: {integrity: sha512-OpZ3zP+jT1PI7I8nemJX4AKmAX070ZkYPVWV/AaKTJl+tXCTGyVdC1a4SL8RUQYEwk/f34ZX8UTykN68FwrqAA==}
    engines: {node: '>= 0.6'}
    dev: true

  /statuses@2.0.1:
    resolution: {integrity: sha512-RwNA9Z/7PrK06rYLIzFMlaF+l73iwpzsqRIFgbMLbTcLD6cOao82TaWefPXQvB2fOC4AjuYSEndS7N/mTCbkdQ==}
    engines: {node: '>= 0.8'}
    dev: true

  /subscriptions-transport-ws@0.9.19(graphql@15.9.0):
    resolution: {integrity: sha512-dxdemxFFB0ppCLg10FTtRqH/31FNRL1y1BQv8209MK5I4CwALb7iihQg+7p65lFcIl8MHatINWBLOqpgU4Kyyw==}
    deprecated: The `subscriptions-transport-ws` package is no longer maintained. We recommend you use `graphql-ws` instead. For help migrating Apollo software to `graphql-ws`, see https://www.apollographql.com/docs/apollo-server/data/subscriptions/#switching-from-subscriptions-transport-ws    For general help using `graphql-ws`, see https://github.com/enisdenjo/graphql-ws/blob/master/README.md
    peerDependencies:
      graphql: '>=0.10.0'
    dependencies:
      backo2: 1.0.2
      eventemitter3: 3.1.2
      graphql: 15.9.0
      iterall: 1.3.0
      symbol-observable: 1.2.0
      ws: 7.5.10
    transitivePeerDependencies:
      - bufferutil
      - utf-8-validate
    dev: true

  /supports-color@5.5.0:
    resolution: {integrity: sha512-QjVjwdXIt408MIiAqCX4oUKsgU2EqAGzs2Ppkm4aQYbjm+ZEWEcW4SfFNTr4uMNZma0ey4f5lgLrkB0aX0QMow==}
    engines: {node: '>=4'}
    dependencies:
      has-flag: 3.0.0
    dev: true

  /symbol-observable@1.2.0:
    resolution: {integrity: sha512-e900nM8RRtGhlV36KGEU9k65K3mPb1WV70OdjfxlG2EAuM1noi/E/BaW/uMhL7bPEssK8QV57vN3esixjUvcXQ==}
    engines: {node: '>=0.10.0'}
    dev: true

  /toidentifier@1.0.1:
    resolution: {integrity: sha512-o5sSPKEkg/DIQNmH43V0/uerLrpzVedkUh8tGNvaeXpfpuwjKenlSox/2O/BTlZUtEe+JG7s5YhEz608PlAHRA==}
    engines: {node: '>=0.6'}
    dev: true

  /tslib@2.8.1:
    resolution: {integrity: sha512-oJFu94HQb+KVduSUQL7wnpmqnfmLsOA/nAh6b6EH0wCEoK0/mPeXU6c3wKDV83MkOuHPRHtSXKKU99IBazS/2w==}

  /tsx@4.19.2:
    resolution: {integrity: sha512-pOUl6Vo2LUq/bSa8S5q7b91cgNSjctn9ugq/+Mvow99qW6x/UZYwzxy/3NmqoT66eHYfCVvFvACC58UBPFf28g==}
    engines: {node: '>=18.0.0'}
    hasBin: true
    dependencies:
      esbuild: 0.23.1
      get-tsconfig: 4.8.1
    optionalDependencies:
      fsevents: 2.3.3
    dev: true

  /type-is@1.6.18:
    resolution: {integrity: sha512-TkRKr9sUTxEH8MdfuCSP7VizJyzRNMjj2J2do2Jr3Kym598JVdEksuzPQCnlFPW4ky9Q+iA+ma9BGm06XQBy8g==}
    engines: {node: '>= 0.6'}
    dependencies:
      media-typer: 0.3.0
      mime-types: 2.1.35
    dev: true

  /typescript@5.7.2:
    resolution: {integrity: sha512-i5t66RHxDvVN40HfDd1PsEThGNnlMCMT3jMUuoh9/0TaqWevNontacunWyN02LA9/fIbEWlcHZcgTKb9QoaLfg==}
    engines: {node: '>=14.17'}
    hasBin: true
    dev: true

  /undici-types@6.20.0:
    resolution: {integrity: sha512-Ny6QZ2Nju20vw1SRHe3d9jVu6gJ+4e3+MMpqu7pqE5HT6WsTSlce++GQmK5UXS8mzV8DSYHrQH+Xrf2jVcuKNg==}
    dev: true

  /unpipe@1.0.0:
    resolution: {integrity: sha512-pjy2bYhSsufwWlKwPc+l3cN7+wuJlK6uz0YdJEOlQDbl6jo/YlPi4mb8agUkVC8BF7V8NuzeyPNqRksA3hztKQ==}
    engines: {node: '>= 0.8'}
    dev: true

  /ws@7.5.10:
    resolution: {integrity: sha512-+dbF1tHwZpXcbOJdVOkzLDxZP1ailvSxM6ZweXTegylPny803bFhA+vqBYw4s31NSAk4S2Qz+AKXK9a4wkdjcQ==}
    engines: {node: '>=8.3.0'}
    peerDependencies:
      bufferutil: ^4.0.1
      utf-8-validate: ^5.0.2
    peerDependenciesMeta:
      bufferutil:
        optional: true
      utf-8-validate:
        optional: true
    dev: true

  /xtend@4.0.2:
    resolution: {integrity: sha512-LKYU1iAXJXUgAXn9URjiu+MWhyUXHsvfp7mcuYm9dSUKK0/CjtrUwFAxD82/mCWbtLsGjFIad0wIsod4zrTAEQ==}
    engines: {node: '>=0.4'}
    dev: true

  /yallist@2.1.2:
    resolution: {integrity: sha512-ncTzHV7NvsQZkYe1DW7cbDLm0YpzHmZF5r/iyP3ZnQtMiJ+pjzisCiMNI+Sj+xQF5pXhSHxSB3uDbsBTzY/c2A==}
    dev: true

  /yallist@3.1.1:
    resolution: {integrity: sha512-a4UGQaWPH59mOXUYnAG2ewncQS4i4F43Tv3JoAM+s2VDAmS9NsK8GpDMLrCHPksFT7h3K6TOoUNn2pb7RoXx4g==}
    dev: true
